
Microsoft Visual Studio Solution File, Format Version 12.00
# Visual Studio 14
VisualStudioVersion = 14.0.24720.0
MinimumVisualStudioVersion = 10.0.40219.1
Project("{FAE04EC0-301F-11D3-BF4B-00C04F79EFBC}") = "MVC.BetterAuthorizeAttribute", "MVC.BetterAuthorizeAttribute\MVC.BetterAuthorizeAttribute.csproj", "{9A0E4D80-26C3-4881-AC2A-65A3E5F4FA8C}"
EndProject
Project("{FAE04EC0-301F-11D3-BF4B-00C04F79EFBC}") = "WebApi.BetterAuthorizeAttribute", "WebApi.BetterAuthorizeAttribute\WebApi.BetterAuthorizeAttribute.csproj", "{53047951-4106-4ADE-B7DE-FA410A4C7986}"
EndProject
Global
	GlobalSection(SolutionConfigurationPlatforms) = preSolution
		Debug|Any CPU = Debug|Any CPU
		Release|Any CPU = Release|Any CPU
	EndGlobalSection
	GlobalSection(ProjectConfigurationPlatforms) = postSolution
		{9A0E4D80-26C3-4881-AC2A-65A3E5F4FA8C}.Debug|Any CPU.ActiveCfg = Debug|Any CPU
		{9A0E4D80-26C3-4881-AC2A-65A3E5F4FA8C}.Debug|Any CPU.Build.0 = Debug|Any CPU
		{9A0E4D80-26C3-4881-AC2A-65A3E5F4FA8C}.Release|Any CPU.ActiveCfg = Release|Any CPU
		{9A0E4D80-26C3-4881-AC2A-65A3E5F4FA8C}.Release|Any CPU.Build.0 = Release|Any CPU
		{53047951-4106-4ADE-B7DE-FA410A4C7986}.Debug|Any CPU.ActiveCfg = Debug|Any CPU
		{53047951-4106-4ADE-B7DE-FA410A4C7986}.Debug|Any CPU.Build.0 = Debug|Any CPU
		{53047951-4106-4ADE-B7DE-FA410A4C7986}.Release|Any CPU.ActiveCfg = Release|Any CPU
		{53047951-4106-4ADE-B7DE-FA410A4C7986}.Release|Any CPU.Build.0 = Release|Any CPU
	EndGlobalSection
	GlobalSection(SolutionProperties) = preSolution
		HideSolutionNode = FALSE
	EndGlobalSection
EndGlobal
